
Microsoft Visual Studio Solution File, Format Version 12.00
# Visual Studio Version 16
VisualStudioVersion = 16.0.31515.178
MinimumVisualStudioVersion = 10.0.40219.1
Project("{FAE04EC0-301F-11D3-BF4B-00C04F79EFBC}") = "FBE", "FBE.csproj", "{A54CB84A-D2CA-438C-9C37-41924FEA2396}"
EndProject
Global
	GlobalSection(SolutionConfigurationPlatforms) = preSolution
		Debug|Any CPU = Debug|Any CPU
		Release|Any CPU = Release|Any CPU
	EndGlobalSection
	GlobalSection(ProjectConfigurationPlatforms) = postSolution
		{A54CB84A-D2CA-438C-9C37-41924FEA2396}.Debug|Any CPU.ActiveCfg = Debug|Any CPU
		{A54CB84A-D2CA-438C-9C37-41924FEA2396}.Debug|Any CPU.Build.0 = Debug|Any CPU
		{A54CB84A-D2CA-438C-9C37-41924FEA2396}.Release|Any CPU.ActiveCfg = Release|Any CPU
		{A54CB84A-D2CA-438C-9C37-41924FEA2396}.Release|Any CPU.Build.0 = Release|Any CPU
	EndGlobalSection
	GlobalSection(SolutionProperties) = preSolution
		HideSolutionNode = FALSE
	EndGlobalSection
	GlobalSection(ExtensibilityGlobals) = postSolution
		SolutionGuid = {3610E213-0730-479C-B7D3-ECF026450811}
	EndGlobalSection
EndGlobal
